
Microsoft Visual Studio Solution File, Format Version 12.00
# Visual Studio Version 17
VisualStudioVersion = 17.14.36414.22 d17.14
MinimumVisualStudioVersion = 10.0.40219.1
Project("{FAE04EC0-301F-11D3-BF4B-00C04F79EFBC}") = "IdentityDataProtectionDemo", "IdentityDataProtectionDemo\IdentityDataProtectionDemo.csproj", "{61A3012E-816D-4733-831D-7056008D0711}"
EndProject
Global
	GlobalSection(SolutionConfigurationPlatforms) = preSolution
		Debug|Any CPU = Debug|Any CPU
		Release|Any CPU = Release|Any CPU
	EndGlobalSection
	GlobalSection(ProjectConfigurationPlatforms) = postSolution
		{61A3012E-816D-4733-831D-7056008D0711}.Debug|Any CPU.ActiveCfg = Debug|Any CPU
		{61A3012E-816D-4733-831D-7056008D0711}.Debug|Any CPU.Build.0 = Debug|Any CPU
		{61A3012E-816D-4733-831D-7056008D0711}.Release|Any CPU.ActiveCfg = Release|Any CPU
		{61A3012E-816D-4733-831D-7056008D0711}.Release|Any CPU.Build.0 = Release|Any CPU
	EndGlobalSection
	GlobalSection(SolutionProperties) = preSolution
		HideSolutionNode = FALSE
	EndGlobalSection
	GlobalSection(ExtensibilityGlobals) = postSolution
		SolutionGuid = {79E498BA-6303-4A25-A9CD-AEDC8C16FB10}
	EndGlobalSection
EndGlobal
